// !$*UTF8*$!
{
	archiveVersion = 1;
	classes = {
	};
	objectVersion = 46;
	objects = {

/* Begin PBXBuildFile section */
		CA1B186D1A63B3D10083A554 /* ControlableScene.m in Sources */ = {isa = PBXBuildFile; fileRef = CA1B186C1A63B3D10083A554 /* ControlableScene.m */; };
		CA1B18701A63BC0D0083A554 /* GameScene.m in Sources */ = {isa = PBXBuildFile; fileRef = CA1B186F1A63BC0D0083A554 /* GameScene.m */; };
		CA1B18721A63C0170083A554 /* PointUtil.m in Sources */ = {isa = PBXBuildFile; fileRef = CA1B18711A63C0170083A554 /* PointUtil.m */; };
		CA48C8B01A61298700AAB0EF /* GameKit.framework in Frameworks */ = {isa = PBXBuildFile; fileRef = CA48C8AF1A61298700AAB0EF /* GameKit.framework */; };
		CA48C8B21A61298E00AAB0EF /* SpriteKit.framework in Frameworks */ = {isa = PBXBuildFile; fileRef = CA48C8B11A61298E00AAB0EF /* SpriteKit.framework */; };
		CA8304451A61238800B1A553 /* main.m in Sources */ = {isa = PBXBuildFile; fileRef = CA8304441A61238800B1A553 /* main.m */; };
		CA8304481A61238800B1A553 /* AppDelegate.m in Sources */ = {isa = PBXBuildFile; fileRef = CA8304471A61238800B1A553 /* AppDelegate.m */; };
		CA83044B1A61238800B1A553 /* ViewController.m in Sources */ = {isa = PBXBuildFile; fileRef = CA83044A1A61238800B1A553 /* ViewController.m */; };
		CA8F1A671A63C45E000590F2 /* LaunchScreen.xib in Resources */ = {isa = PBXBuildFile; fileRef = CA8F1A621A63C45E000590F2 /* LaunchScreen.xib */; };
		CA8F1A681A63C45E000590F2 /* Main.storyboard in Resources */ = {isa = PBXBuildFile; fileRef = CA8F1A641A63C45E000590F2 /* Main.storyboard */; };
		CA8F1A691A63C45E000590F2 /* Images.xcassets in Resources */ = {isa = PBXBuildFile; fileRef = CA8F1A661A63C45E000590F2 /* Images.xcassets */; };
		CA8F1A6B1A63C46B000590F2 /* Info.plist in Resources */ = {isa = PBXBuildFile; fileRef = CA8F1A6A1A63C46B000590F2 /* Info.plist */; };
		CA8F1A6D1A63C479000590F2 /* stick_human.png in Resources */ = {isa = PBXBuildFile; fileRef = CA8F1A6C1A63C479000590F2 /* stick_human.png */; };
/* End PBXBuildFile section */

/* Begin PBXFileReference section */
		CA1B18691A63B29C0083A554 /* SMBR.pch */ = {isa = PBXFileReference; lastKnownFileType = sourcecode.c.h; path = SMBR.pch; sourceTree = "<group>"; };
		CA1B186B1A63B3D10083A554 /* ControlableScene.h */ = {isa = PBXFileReference; fileEncoding = 4; lastKnownFileType = sourcecode.c.h; path = ControlableScene.h; sourceTree = "<group>"; };
		CA1B186C1A63B3D10083A554 /* ControlableScene.m */ = {isa = PBXFileReference; fileEncoding = 4; lastKnownFileType = sourcecode.c.objc; path = ControlableScene.m; sourceTree = "<group>"; };
		CA1B186E1A63BC0D0083A554 /* GameScene.h */ = {isa = PBXFileReference; fileEncoding = 4; lastKnownFileType = sourcecode.c.h; path = GameScene.h; sourceTree = "<group>"; };
		CA1B186F1A63BC0D0083A554 /* GameScene.m */ = {isa = PBXFileReference; fileEncoding = 4; lastKnownFileType = sourcecode.c.objc; path = GameScene.m; sourceTree = "<group>"; };
		CA1B18711A63C0170083A554 /* PointUtil.m */ = {isa = PBXFileReference; fileEncoding = 4; lastKnownFileType = sourcecode.c.objc; path = PointUtil.m; sourceTree = "<group>"; };
		CA1B18731A63C22C0083A554 /* PointUtil.h */ = {isa = PBXFileReference; lastKnownFileType = sourcecode.c.h; path = PointUtil.h; sourceTree = "<group>"; };
		CA48C8AF1A61298700AAB0EF /* GameKit.framework */ = {isa = PBXFileReference; lastKnownFileType = wrapper.framework; name = GameKit.framework; path = System/Library/Frameworks/GameKit.framework; sourceTree = SDKROOT; };
		CA48C8B11A61298E00AAB0EF /* SpriteKit.framework */ = {isa = PBXFileReference; lastKnownFileType = wrapper.framework; name = SpriteKit.framework; path = System/Library/Frameworks/SpriteKit.framework; sourceTree = SDKROOT; };
		CA83043F1A61238800B1A553 /* SMBR.app */ = {isa = PBXFileReference; explicitFileType = wrapper.application; includeInIndex = 0; path = SMBR.app; sourceTree = BUILT_PRODUCTS_DIR; };
		CA8304441A61238800B1A553 /* main.m */ = {isa = PBXFileReference; lastKnownFileType = sourcecode.c.objc; path = main.m; sourceTree = "<group>"; };
		CA8304461A61238800B1A553 /* AppDelegate.h */ = {isa = PBXFileReference; lastKnownFileType = sourcecode.c.h; path = AppDelegate.h; sourceTree = "<group>"; };
		CA8304471A61238800B1A553 /* AppDelegate.m */ = {isa = PBXFileReference; lastKnownFileType = sourcecode.c.objc; path = AppDelegate.m; sourceTree = "<group>"; };
		CA8304491A61238800B1A553 /* ViewController.h */ = {isa = PBXFileReference; lastKnownFileType = sourcecode.c.h; path = ViewController.h; sourceTree = "<group>"; };
		CA83044A1A61238800B1A553 /* ViewController.m */ = {isa = PBXFileReference; lastKnownFileType = sourcecode.c.objc; path = ViewController.m; sourceTree = "<group>"; };
		CA8F1A631A63C45E000590F2 /* Base */ = {isa = PBXFileReference; lastKnownFileType = file.xib; name = Base; path = LaunchScreen.xib; sourceTree = "<group>"; };
		CA8F1A651A63C45E000590F2 /* Base */ = {isa = PBXFileReference; lastKnownFileType = file.storyboard; name = Base; path = Main.storyboard; sourceTree = "<group>"; };
		CA8F1A661A63C45E000590F2 /* Images.xcassets */ = {isa = PBXFileReference; lastKnownFileType = folder.assetcatalog; name = Images.xcassets; path = Resources/Images.xcassets; sourceTree = SOURCE_ROOT; };
		CA8F1A6A1A63C46B000590F2 /* Info.plist */ = {isa = PBXFileReference; fileEncoding = 4; lastKnownFileType = text.plist.xml; name = Info.plist; path = Resources/Info.plist; sourceTree = SOURCE_ROOT; };
		CA8F1A6C1A63C479000590F2 /* stick_human.png */ = {isa = PBXFileReference; lastKnownFileType = image.png; name = stick_human.png; path = Resources/images/stick_human.png; sourceTree = SOURCE_ROOT; };
/* End PBXFileReference section */

/* Begin PBXFrameworksBuildPhase section */
		CA83043C1A61238800B1A553 /* Frameworks */ = {
			isa = PBXFrameworksBuildPhase;
			buildActionMask = 2147483647;
			files = (
				CA48C8B21A61298E00AAB0EF /* SpriteKit.framework in Frameworks */,
				CA48C8B01A61298700AAB0EF /* GameKit.framework in Frameworks */,
			);
			runOnlyForDeploymentPostprocessing = 0;
		};
/* End PBXFrameworksBuildPhase section */

/* Begin PBXGroup section */
		CA1B18681A63B2490083A554 /* View */ = {
			isa = PBXGroup;
			children = (
				CA1B186E1A63BC0D0083A554 /* GameScene.h */,
				CA1B186F1A63BC0D0083A554 /* GameScene.m */,
			);
			name = View;
			sourceTree = "<group>";
		};
		CA1B186A1A63B3500083A554 /* Util */ = {
			isa = PBXGroup;
			children = (
				CA1B186B1A63B3D10083A554 /* ControlableScene.h */,
				CA1B186C1A63B3D10083A554 /* ControlableScene.m */,
				CA1B18731A63C22C0083A554 /* PointUtil.h */,
				CA1B18711A63C0170083A554 /* PointUtil.m */,
			);
			name = Util;
			sourceTree = "<group>";
		};
		CA1B187A1A63C3170083A554 /* images */ = {
			isa = PBXGroup;
			children = (
				CA8F1A6C1A63C479000590F2 /* stick_human.png */,
			);
			name = images;
			path = ../../Resources/images;
			sourceTree = "<group>";
		};
		CA48C8B31A61299A00AAB0EF /* Resouces */ = {
			isa = PBXGroup;
			children = (
				CA1B187A1A63C3170083A554 /* images */,
				CA8F1A611A63C45E000590F2 /* Base.lproj */,
				CA8F1A6A1A63C46B000590F2 /* Info.plist */,
				CA8F1A661A63C45E000590F2 /* Images.xcassets */,
			);
			name = Resouces;
			sourceTree = "<group>";
		};
		CA48C8B41A6129B400AAB0EF /* Frameworks */ = {
			isa = PBXGroup;
			children = (
				CA48C8B11A61298E00AAB0EF /* SpriteKit.framework */,
				CA48C8AF1A61298700AAB0EF /* GameKit.framework */,
			);
			name = Frameworks;
			sourceTree = "<group>";
		};
		CA8304361A61238800B1A553 = {
			isa = PBXGroup;
			children = (
				CA8304411A61238800B1A553 /* SMBR */,
				CA8304401A61238800B1A553 /* Products */,
			);
			sourceTree = "<group>";
		};
		CA8304401A61238800B1A553 /* Products */ = {
			isa = PBXGroup;
			children = (
				CA83043F1A61238800B1A553 /* SMBR.app */,
			);
			name = Products;
			sourceTree = "<group>";
		};
		CA8304411A61238800B1A553 /* SMBR */ = {
			isa = PBXGroup;
			children = (
				CA83046B1A6123A900B1A553 /* Application */,
				CA8304681A61239100B1A553 /* Model */,
				CA1B18681A63B2490083A554 /* View */,
				CA83046A1A61239C00B1A553 /* Controller */,
				CA1B186A1A63B3500083A554 /* Util */,
				CA8304421A61238800B1A553 /* Supporting Files */,
			);
			path = SMBR;
			sourceTree = "<group>";
		};
		CA8304421A61238800B1A553 /* Supporting Files */ = {
			isa = PBXGroup;
			children = (
				CA48C8B41A6129B400AAB0EF /* Frameworks */,
				CA48C8B31A61299A00AAB0EF /* Resouces */,
			);
			name = "Supporting Files";
			sourceTree = "<group>";
		};
		CA8304681A61239100B1A553 /* Model */ = {
			isa = PBXGroup;
			children = (
			);
			name = Model;
			sourceTree = "<group>";
		};
		CA83046A1A61239C00B1A553 /* Controller */ = {
			isa = PBXGroup;
			children = (
				CA8304491A61238800B1A553 /* ViewController.h */,
				CA83044A1A61238800B1A553 /* ViewController.m */,
			);
			name = Controller;
			sourceTree = "<group>";
		};
		CA83046B1A6123A900B1A553 /* Application */ = {
			isa = PBXGroup;
			children = (
				CA1B18691A63B29C0083A554 /* SMBR.pch */,
				CA8304441A61238800B1A553 /* main.m */,
				CA8304461A61238800B1A553 /* AppDelegate.h */,
				CA8304471A61238800B1A553 /* AppDelegate.m */,
			);
			name = Application;
			sourceTree = "<group>";
		};
		CA8F1A611A63C45E000590F2 /* Base.lproj */ = {
			isa = PBXGroup;
			children = (
				CA8F1A621A63C45E000590F2 /* LaunchScreen.xib */,
				CA8F1A641A63C45E000590F2 /* Main.storyboard */,
			);
			name = Base.lproj;
			path = Resources/Base.lproj;
			sourceTree = SOURCE_ROOT;
		};
/* End PBXGroup section */

/* Begin PBXNativeTarget section */
		CA83043E1A61238800B1A553 /* SMBR */ = {
			isa = PBXNativeTarget;
			buildConfigurationList = CA8304621A61238800B1A553 /* Build configuration list for PBXNativeTarget "SMBR" */;
			buildPhases = (
				CA83043B1A61238800B1A553 /* Sources */,
				CA83043C1A61238800B1A553 /* Frameworks */,
				CA83043D1A61238800B1A553 /* Resources */,
			);
			buildRules = (
			);
			dependencies = (
			);
			name = SMBR;
			productName = SMBR;
			productReference = CA83043F1A61238800B1A553 /* SMBR.app */;
			productType = "com.apple.product-type.application";
		};
/* End PBXNativeTarget section */

/* Begin PBXProject section */
		CA8304371A61238800B1A553 /* Project object */ = {
			isa = PBXProject;
			attributes = {
				LastUpgradeCheck = 0610;
				ORGANIZATIONNAME = HakabaV3;
				TargetAttributes = {
					CA83043E1A61238800B1A553 = {
						CreatedOnToolsVersion = 6.1.1;
					};
				};
			};
			buildConfigurationList = CA83043A1A61238800B1A553 /* Build configuration list for PBXProject "SMBR" */;
			compatibilityVersion = "Xcode 3.2";
			developmentRegion = English;
			hasScannedForEncodings = 0;
			knownRegions = (
				en,
				Base,
			);
			mainGroup = CA8304361A61238800B1A553;
			productRefGroup = CA8304401A61238800B1A553 /* Products */;
			projectDirPath = "";
			projectRoot = "";
			targets = (
				CA83043E1A61238800B1A553 /* SMBR */,
			);
		};
/* End PBXProject section */

/* Begin PBXResourcesBuildPhase section */
		CA83043D1A61238800B1A553 /* Resources */ = {
			isa = PBXResourcesBuildPhase;
			buildActionMask = 2147483647;
			files = (
				CA8F1A681A63C45E000590F2 /* Main.storyboard in Resources */,
				CA8F1A691A63C45E000590F2 /* Images.xcassets in Resources */,
				CA8F1A671A63C45E000590F2 /* LaunchScreen.xib in Resources */,
				CA8F1A6D1A63C479000590F2 /* stick_human.png in Resources */,
				CA8F1A6B1A63C46B000590F2 /* Info.plist in Resources */,
			);
			runOnlyForDeploymentPostprocessing = 0;
		};
/* End PBXResourcesBuildPhase section */

/* Begin PBXSourcesBuildPhase section */
		CA83043B1A61238800B1A553 /* Sources */ = {
			isa = PBXSourcesBuildPhase;
			buildActionMask = 2147483647;
			files = (
				CA1B186D1A63B3D10083A554 /* ControlableScene.m in Sources */,
				CA83044B1A61238800B1A553 /* ViewController.m in Sources */,
				CA1B18721A63C0170083A554 /* PointUtil.m in Sources */,
				CA1B18701A63BC0D0083A554 /* GameScene.m in Sources */,
				CA8304481A61238800B1A553 /* AppDelegate.m in Sources */,
				CA8304451A61238800B1A553 /* main.m in Sources */,
			);
			runOnlyForDeploymentPostprocessing = 0;
		};
/* End PBXSourcesBuildPhase section */

/* Begin PBXVariantGroup section */
		CA8F1A621A63C45E000590F2 /* LaunchScreen.xib */ = {
			isa = PBXVariantGroup;
			children = (
				CA8F1A631A63C45E000590F2 /* Base */,
			);
			name = LaunchScreen.xib;
			sourceTree = "<group>";
		};
		CA8F1A641A63C45E000590F2 /* Main.storyboard */ = {
			isa = PBXVariantGroup;
			children = (
				CA8F1A651A63C45E000590F2 /* Base */,
			);
			name = Main.storyboard;
			sourceTree = "<group>";
		};
/* End PBXVariantGroup section */

/* Begin XCBuildConfiguration section */
		CA8304601A61238800B1A553 /* Debug */ = {
			isa = XCBuildConfiguration;
			buildSettings = {
				ALWAYS_SEARCH_USER_PATHS = NO;
				CLANG_CXX_LANGUAGE_STANDARD = "gnu++0x";
				CLANG_CXX_LIBRARY = "libc++";
				CLANG_ENABLE_MODULES = YES;
				CLANG_ENABLE_OBJC_ARC = YES;
				CLANG_WARN_BOOL_CONVERSION = YES;
				CLANG_WARN_CONSTANT_CONVERSION = YES;
				CLANG_WARN_DIRECT_OBJC_ISA_USAGE = YES_ERROR;
				CLANG_WARN_EMPTY_BODY = YES;
				CLANG_WARN_ENUM_CONVERSION = YES;
				CLANG_WARN_INT_CONVERSION = YES;
				CLANG_WARN_OBJC_ROOT_CLASS = YES_ERROR;
				CLANG_WARN_UNREACHABLE_CODE = YES;
				CLANG_WARN__DUPLICATE_METHOD_MATCH = YES;
				"CODE_SIGN_IDENTITY[sdk=iphoneos*]" = "iPhone Developer";
				COPY_PHASE_STRIP = NO;
				ENABLE_STRICT_OBJC_MSGSEND = YES;
				GCC_C_LANGUAGE_STANDARD = gnu99;
				GCC_DYNAMIC_NO_PIC = NO;
				GCC_OPTIMIZATION_LEVEL = 0;
				GCC_PREPROCESSOR_DEFINITIONS = (
					"DEBUG=1",
					"$(inherited)",
				);
				GCC_SYMBOLS_PRIVATE_EXTERN = NO;
				GCC_WARN_64_TO_32_BIT_CONVERSION = YES;
				GCC_WARN_ABOUT_RETURN_TYPE = YES_ERROR;
				GCC_WARN_UNDECLARED_SELECTOR = YES;
				GCC_WARN_UNINITIALIZED_AUTOS = YES_AGGRESSIVE;
				GCC_WARN_UNUSED_FUNCTION = YES;
				GCC_WARN_UNUSED_VARIABLE = YES;
				IPHONEOS_DEPLOYMENT_TARGET = 8.1;
				MTL_ENABLE_DEBUG_INFO = YES;
				ONLY_ACTIVE_ARCH = YES;
				SDKROOT = iphoneos;
				TARGETED_DEVICE_FAMILY = "1,2";
			};
			name = Debug;
		};
		CA8304611A61238800B1A553 /* Release */ = {
			isa = XCBuildConfiguration;
			buildSettings = {
				ALWAYS_SEARCH_USER_PATHS = NO;
				CLANG_CXX_LANGUAGE_STANDARD = "gnu++0x";
				CLANG_CXX_LIBRARY = "libc++";
				CLANG_ENABLE_MODULES = YES;
				CLANG_ENABLE_OBJC_ARC = YES;
				CLANG_WARN_BOOL_CONVERSION = YES;
				CLANG_WARN_CONSTANT_CONVERSION = YES;
				CLANG_WARN_DIRECT_OBJC_ISA_USAGE = YES_ERROR;
				CLANG_WARN_EMPTY_BODY = YES;
				CLANG_WARN_ENUM_CONVERSION = YES;
				CLANG_WARN_INT_CONVERSION = YES;
				CLANG_WARN_OBJC_ROOT_CLASS = YES_ERROR;
				CLANG_WARN_UNREACHABLE_CODE = YES;
				CLANG_WARN__DUPLICATE_METHOD_MATCH = YES;
				"CODE_SIGN_IDENTITY[sdk=iphoneos*]" = "iPhone Developer";
				COPY_PHASE_STRIP = YES;
				ENABLE_NS_ASSERTIONS = NO;
				ENABLE_STRICT_OBJC_MSGSEND = YES;
				GCC_C_LANGUAGE_STANDARD = gnu99;
				GCC_WARN_64_TO_32_BIT_CONVERSION = YES;
				GCC_WARN_ABOUT_RETURN_TYPE = YES_ERROR;
				GCC_WARN_UNDECLARED_SELECTOR = YES;
				GCC_WARN_UNINITIALIZED_AUTOS = YES_AGGRESSIVE;
				GCC_WARN_UNUSED_FUNCTION = YES;
				GCC_WARN_UNUSED_VARIABLE = YES;
				IPHONEOS_DEPLOYMENT_TARGET = 8.1;
				MTL_ENABLE_DEBUG_INFO = NO;
				SDKROOT = iphoneos;
				TARGETED_DEVICE_FAMILY = "1,2";
				VALIDATE_PRODUCT = YES;
			};
			name = Release;
		};
		CA8304631A61238800B1A553 /* Debug */ = {
			isa = XCBuildConfiguration;
			buildSettings = {
				ASSETCATALOG_COMPILER_APPICON_NAME = AppIcon;
				GCC_PREFIX_HEADER = SMBR/SMBR.pch;
				INFOPLIST_FILE = ./Resources/Info.plist;
				LD_RUNPATH_SEARCH_PATHS = "$(inherited) @executable_path/Frameworks";
				PRODUCT_NAME = "$(TARGET_NAME)";
			};
			name = Debug;
		};
		CA8304641A61238800B1A553 /* Release */ = {
			isa = XCBuildConfiguration;
			buildSettings = {
				ASSETCATALOG_COMPILER_APPICON_NAME = AppIcon;
				GCC_PREFIX_HEADER = SMBR/SMBR.pch;
				INFOPLIST_FILE = ./Resources/Info.plist;
				LD_RUNPATH_SEARCH_PATHS = "$(inherited) @executable_path/Frameworks";
				PRODUCT_NAME = "$(TARGET_NAME)";
			};
			name = Release;
		};
/* End XCBuildConfiguration section */

/* Begin XCConfigurationList section */
		CA83043A1A61238800B1A553 /* Build configuration list for PBXProject "SMBR" */ = {
			isa = XCConfigurationList;
			buildConfigurations = (
				CA8304601A61238800B1A553 /* Debug */,
				CA8304611A61238800B1A553 /* Release */,
			);
			defaultConfigurationIsVisible = 0;
			defaultConfigurationName = Release;
		};
		CA8304621A61238800B1A553 /* Build configuration list for PBXNativeTarget "SMBR" */ = {
			isa = XCConfigurationList;
			buildConfigurations = (
				CA8304631A61238800B1A553 /* Debug */,
				CA8304641A61238800B1A553 /* Release */,
			);
			defaultConfigurationIsVisible = 0;
			defaultConfigurationName = Release;
		};
/* End XCConfigurationList section */
	};
	rootObject = CA8304371A61238800B1A553 /* Project object */;
}
